
Microsoft Visual Studio Solution File, Format Version 12.00
# Visual Studio Version 16
VisualStudioVersion = 16.0.31025.194
MinimumVisualStudioVersion = 10.0.40219.1
Project("{FAE04EC0-301F-11D3-BF4B-00C04F79EFBC}") = "DiScopeDemo", "DiScopeDemo\DiScopeDemo.csproj", "{F84D1FD6-1EFF-4586-975D-F2D98CB51BC2}"
EndProject
Global
	GlobalSection(SolutionConfigurationPlatforms) = preSolution
		Debug|Any CPU = Debug|Any CPU
		Release|Any CPU = Release|Any CPU
	EndGlobalSection
	GlobalSection(ProjectConfigurationPlatforms) = postSolution
		{F84D1FD6-1EFF-4586-975D-F2D98CB51BC2}.Debug|Any CPU.ActiveCfg = Debug|Any CPU
		{F84D1FD6-1EFF-4586-975D-F2D98CB51BC2}.Debug|Any CPU.Build.0 = Debug|Any CPU
		{F84D1FD6-1EFF-4586-975D-F2D98CB51BC2}.Release|Any CPU.ActiveCfg = Release|Any CPU
		{F84D1FD6-1EFF-4586-975D-F2D98CB51BC2}.Release|Any CPU.Build.0 = Release|Any CPU
	EndGlobalSection
	GlobalSection(SolutionProperties) = preSolution
		HideSolutionNode = FALSE
	EndGlobalSection
	GlobalSection(ExtensibilityGlobals) = postSolution
		SolutionGuid = {4F2C7808-52D7-412B-AB98-2E25E836D1A4}
	EndGlobalSection
EndGlobal
